
Microsoft Visual Studio Solution File, Format Version 12.00
# Visual Studio Version 16
VisualStudioVersion = 16.0.29102.190
MinimumVisualStudioVersion = 10.0.40219.1
Project("{9A19103F-16F7-4668-BE54-9A1E7A4F7556}") = "Task", "Task.csproj", "{C7BA3F62-7112-4224-8920-1EF2F3E253D1}"
EndProject
Project("{FAE04EC0-301F-11D3-BF4B-00C04F79EFBC}") = "AddressBookCLibrary", "..\AddressBookCLibrary\AddressBookCLibrary.csproj", "{A0000877-3A5E-4F05-90EB-A06E1B1FE8A8}"
EndProject
Global
	GlobalSection(SolutionConfigurationPlatforms) = preSolution
		Debug|Any CPU = Debug|Any CPU
		Release|Any CPU = Release|Any CPU
	EndGlobalSection
	GlobalSection(ProjectConfigurationPlatforms) = postSolution
		{C7BA3F62-7112-4224-8920-1EF2F3E253D1}.Debug|Any CPU.ActiveCfg = Debug|Any CPU
		{C7BA3F62-7112-4224-8920-1EF2F3E253D1}.Debug|Any CPU.Build.0 = Debug|Any CPU
		{C7BA3F62-7112-4224-8920-1EF2F3E253D1}.Release|Any CPU.ActiveCfg = Release|Any CPU
		{C7BA3F62-7112-4224-8920-1EF2F3E253D1}.Release|Any CPU.Build.0 = Release|Any CPU
		{A0000877-3A5E-4F05-90EB-A06E1B1FE8A8}.Debug|Any CPU.ActiveCfg = Debug|Any CPU
		{A0000877-3A5E-4F05-90EB-A06E1B1FE8A8}.Debug|Any CPU.Build.0 = Debug|Any CPU
		{A0000877-3A5E-4F05-90EB-A06E1B1FE8A8}.Release|Any CPU.ActiveCfg = Release|Any CPU
		{A0000877-3A5E-4F05-90EB-A06E1B1FE8A8}.Release|Any CPU.Build.0 = Release|Any CPU
	EndGlobalSection
	GlobalSection(SolutionProperties) = preSolution
		HideSolutionNode = FALSE
	EndGlobalSection
	GlobalSection(ExtensibilityGlobals) = postSolution
		SolutionGuid = {59373112-4AF7-4FB3-A357-31A480BB3F20}
	EndGlobalSection
EndGlobal
